
Microsoft Visual Studio Solution File, Format Version 12.00
# Visual Studio Version 16
VisualStudioVersion = 16.0.31515.178
MinimumVisualStudioVersion = 10.0.40219.1
Project("{FAE04EC0-301F-11D3-BF4B-00C04F79EFBC}") = "Snake", "Snake.csproj", "{87E50DA9-2408-427F-8823-BEEEEB7632A1}"
EndProject
Global
	GlobalSection(SolutionConfigurationPlatforms) = preSolution
		Debug|Any CPU = Debug|Any CPU
		Release|Any CPU = Release|Any CPU
	EndGlobalSection
	GlobalSection(ProjectConfigurationPlatforms) = postSolution
		{87E50DA9-2408-427F-8823-BEEEEB7632A1}.Debug|Any CPU.ActiveCfg = Debug|Any CPU
		{87E50DA9-2408-427F-8823-BEEEEB7632A1}.Debug|Any CPU.Build.0 = Debug|Any CPU
		{87E50DA9-2408-427F-8823-BEEEEB7632A1}.Release|Any CPU.ActiveCfg = Release|Any CPU
		{87E50DA9-2408-427F-8823-BEEEEB7632A1}.Release|Any CPU.Build.0 = Release|Any CPU
	EndGlobalSection
	GlobalSection(SolutionProperties) = preSolution
		HideSolutionNode = FALSE
	EndGlobalSection
	GlobalSection(ExtensibilityGlobals) = postSolution
		SolutionGuid = {1D43331F-A334-4A13-A688-018EEA257B71}
	EndGlobalSection
EndGlobal
