
Microsoft Visual Studio Solution File, Format Version 12.00
# Visual Studio Version 16
VisualStudioVersion = 16.0.31424.327
MinimumVisualStudioVersion = 10.0.40219.1
Project("{FAE04EC0-301F-11D3-BF4B-00C04F79EFBC}") = "Farm", "Farm.csproj", "{5676A127-31BF-4CB6-86BD-B77911D82BBE}"
EndProject
Global
	GlobalSection(SolutionConfigurationPlatforms) = preSolution
		Debug|Any CPU = Debug|Any CPU
		Release|Any CPU = Release|Any CPU
	EndGlobalSection
	GlobalSection(ProjectConfigurationPlatforms) = postSolution
		{5676A127-31BF-4CB6-86BD-B77911D82BBE}.Debug|Any CPU.ActiveCfg = Debug|Any CPU
		{5676A127-31BF-4CB6-86BD-B77911D82BBE}.Debug|Any CPU.Build.0 = Debug|Any CPU
		{5676A127-31BF-4CB6-86BD-B77911D82BBE}.Release|Any CPU.ActiveCfg = Release|Any CPU
		{5676A127-31BF-4CB6-86BD-B77911D82BBE}.Release|Any CPU.Build.0 = Release|Any CPU
	EndGlobalSection
	GlobalSection(SolutionProperties) = preSolution
		HideSolutionNode = FALSE
	EndGlobalSection
	GlobalSection(ExtensibilityGlobals) = postSolution
		SolutionGuid = {02D30E6F-572D-4E10-A245-76526FEA09B4}
	EndGlobalSection
EndGlobal
