
Microsoft Visual Studio Solution File, Format Version 12.00
# Visual Studio Version 16
VisualStudioVersion = 16.0.31424.327
MinimumVisualStudioVersion = 10.0.40219.1
Project("{FAE04EC0-301F-11D3-BF4B-00C04F79EFBC}") = "cars", "cars.csproj", "{C77C9930-16C6-4FD7-8B00-DFAA2AF60706}"
EndProject
Global
	GlobalSection(SolutionConfigurationPlatforms) = preSolution
		Debug|Any CPU = Debug|Any CPU
		Release|Any CPU = Release|Any CPU
	EndGlobalSection
	GlobalSection(ProjectConfigurationPlatforms) = postSolution
		{C77C9930-16C6-4FD7-8B00-DFAA2AF60706}.Debug|Any CPU.ActiveCfg = Debug|Any CPU
		{C77C9930-16C6-4FD7-8B00-DFAA2AF60706}.Debug|Any CPU.Build.0 = Debug|Any CPU
		{C77C9930-16C6-4FD7-8B00-DFAA2AF60706}.Release|Any CPU.ActiveCfg = Release|Any CPU
		{C77C9930-16C6-4FD7-8B00-DFAA2AF60706}.Release|Any CPU.Build.0 = Release|Any CPU
	EndGlobalSection
	GlobalSection(SolutionProperties) = preSolution
		HideSolutionNode = FALSE
	EndGlobalSection
	GlobalSection(ExtensibilityGlobals) = postSolution
		SolutionGuid = {8202D301-BD79-491A-BDA2-B6C5FB46B110}
	EndGlobalSection
EndGlobal
