
Microsoft Visual Studio Solution File, Format Version 12.00
# Visual Studio Version 16
VisualStudioVersion = 16.0.31515.178
MinimumVisualStudioVersion = 10.0.40219.1
Project("{9A19103F-16F7-4668-BE54-9A1E7A4F7556}") = "Pizza-Calories", "Pizza-Calories.csproj", "{75385A6A-8A36-4AE6-84E5-9906CFC21F41}"
EndProject
Global
	GlobalSection(SolutionConfigurationPlatforms) = preSolution
		Debug|Any CPU = Debug|Any CPU
		Release|Any CPU = Release|Any CPU
	EndGlobalSection
	GlobalSection(ProjectConfigurationPlatforms) = postSolution
		{75385A6A-8A36-4AE6-84E5-9906CFC21F41}.Debug|Any CPU.ActiveCfg = Debug|Any CPU
		{75385A6A-8A36-4AE6-84E5-9906CFC21F41}.Debug|Any CPU.Build.0 = Debug|Any CPU
		{75385A6A-8A36-4AE6-84E5-9906CFC21F41}.Release|Any CPU.ActiveCfg = Release|Any CPU
		{75385A6A-8A36-4AE6-84E5-9906CFC21F41}.Release|Any CPU.Build.0 = Release|Any CPU
	EndGlobalSection
	GlobalSection(SolutionProperties) = preSolution
		HideSolutionNode = FALSE
	EndGlobalSection
	GlobalSection(ExtensibilityGlobals) = postSolution
		SolutionGuid = {420CAF5B-BC59-4C1C-9FFA-82C365E1EBFB}
	EndGlobalSection
EndGlobal
