
Microsoft Visual Studio Solution File, Format Version 12.00
# Visual Studio Version 16
VisualStudioVersion = 16.0.31515.178
MinimumVisualStudioVersion = 10.0.40219.1
Project("{FAE04EC0-301F-11D3-BF4B-00C04F79EFBC}") = "Exam", "Exam\Exam.csproj", "{4C0818DE-7CC0-4EA1-8436-A2D269B5B883}"
EndProject
Project("{FAE04EC0-301F-11D3-BF4B-00C04F79EFBC}") = "Emoji", "Emoji\Emoji.csproj", "{848CF375-C3D2-41B1-82DB-35F360B8E8FF}"
EndProject
Project("{FAE04EC0-301F-11D3-BF4B-00C04F79EFBC}") = "P!rates", "P!rates\P!rates.csproj", "{88C809FB-8D88-4E19-B363-54675582560A}"
EndProject
Global
	GlobalSection(SolutionConfigurationPlatforms) = preSolution
		Debug|Any CPU = Debug|Any CPU
		Release|Any CPU = Release|Any CPU
	EndGlobalSection
	GlobalSection(ProjectConfigurationPlatforms) = postSolution
		{4C0818DE-7CC0-4EA1-8436-A2D269B5B883}.Debug|Any CPU.ActiveCfg = Debug|Any CPU
		{4C0818DE-7CC0-4EA1-8436-A2D269B5B883}.Debug|Any CPU.Build.0 = Debug|Any CPU
		{4C0818DE-7CC0-4EA1-8436-A2D269B5B883}.Release|Any CPU.ActiveCfg = Release|Any CPU
		{4C0818DE-7CC0-4EA1-8436-A2D269B5B883}.Release|Any CPU.Build.0 = Release|Any CPU
		{848CF375-C3D2-41B1-82DB-35F360B8E8FF}.Debug|Any CPU.ActiveCfg = Debug|Any CPU
		{848CF375-C3D2-41B1-82DB-35F360B8E8FF}.Debug|Any CPU.Build.0 = Debug|Any CPU
		{848CF375-C3D2-41B1-82DB-35F360B8E8FF}.Release|Any CPU.ActiveCfg = Release|Any CPU
		{848CF375-C3D2-41B1-82DB-35F360B8E8FF}.Release|Any CPU.Build.0 = Release|Any CPU
		{88C809FB-8D88-4E19-B363-54675582560A}.Debug|Any CPU.ActiveCfg = Debug|Any CPU
		{88C809FB-8D88-4E19-B363-54675582560A}.Debug|Any CPU.Build.0 = Debug|Any CPU
		{88C809FB-8D88-4E19-B363-54675582560A}.Release|Any CPU.ActiveCfg = Release|Any CPU
		{88C809FB-8D88-4E19-B363-54675582560A}.Release|Any CPU.Build.0 = Release|Any CPU
	EndGlobalSection
	GlobalSection(SolutionProperties) = preSolution
		HideSolutionNode = FALSE
	EndGlobalSection
	GlobalSection(ExtensibilityGlobals) = postSolution
		SolutionGuid = {30FDE667-83F8-4683-94F0-C330B7A09494}
	EndGlobalSection
EndGlobal
