
Microsoft Visual Studio Solution File, Format Version 12.00
# Visual Studio Version 16
VisualStudioVersion = 16.0.31515.178
MinimumVisualStudioVersion = 10.0.40219.1
Project("{FAE04EC0-301F-11D3-BF4B-00C04F79EFBC}") = "Selling", "Selling.csproj", "{E63BCB8B-CE01-4B3F-9F44-A1A67953BA5A}"
EndProject
Project("{FAE04EC0-301F-11D3-BF4B-00C04F79EFBC}") = "01.Warm Winter", "..\01.Warm Winter\01.Warm Winter.csproj", "{EB252E35-404D-4913-A572-4B0B53E056AF}"
EndProject
Project("{FAE04EC0-301F-11D3-BF4B-00C04F79EFBC}") = "Mario", "..\Mario\Mario.csproj", "{E6714905-466A-4CA6-9C9F-D820FF9B7213}"
EndProject
Project("{FAE04EC0-301F-11D3-BF4B-00C04F79EFBC}") = "The Fight for Gondor", "..\The Fight for Gondor\The Fight for Gondor.csproj", "{8FA4C690-2924-4617-9FFA-6FBEABA8C1FD}"
EndProject
Project("{FAE04EC0-301F-11D3-BF4B-00C04F79EFBC}") = "Warships", "..\Warships\Warships.csproj", "{5036F204-4641-483E-8930-89DF956F60AA}"
EndProject
Global
	GlobalSection(SolutionConfigurationPlatforms) = preSolution
		Debug|Any CPU = Debug|Any CPU
		Release|Any CPU = Release|Any CPU
	EndGlobalSection
	GlobalSection(ProjectConfigurationPlatforms) = postSolution
		{E63BCB8B-CE01-4B3F-9F44-A1A67953BA5A}.Debug|Any CPU.ActiveCfg = Debug|Any CPU
		{E63BCB8B-CE01-4B3F-9F44-A1A67953BA5A}.Debug|Any CPU.Build.0 = Debug|Any CPU
		{E63BCB8B-CE01-4B3F-9F44-A1A67953BA5A}.Release|Any CPU.ActiveCfg = Release|Any CPU
		{E63BCB8B-CE01-4B3F-9F44-A1A67953BA5A}.Release|Any CPU.Build.0 = Release|Any CPU
		{EB252E35-404D-4913-A572-4B0B53E056AF}.Debug|Any CPU.ActiveCfg = Debug|Any CPU
		{EB252E35-404D-4913-A572-4B0B53E056AF}.Debug|Any CPU.Build.0 = Debug|Any CPU
		{EB252E35-404D-4913-A572-4B0B53E056AF}.Release|Any CPU.ActiveCfg = Release|Any CPU
		{EB252E35-404D-4913-A572-4B0B53E056AF}.Release|Any CPU.Build.0 = Release|Any CPU
		{E6714905-466A-4CA6-9C9F-D820FF9B7213}.Debug|Any CPU.ActiveCfg = Debug|Any CPU
		{E6714905-466A-4CA6-9C9F-D820FF9B7213}.Debug|Any CPU.Build.0 = Debug|Any CPU
		{E6714905-466A-4CA6-9C9F-D820FF9B7213}.Release|Any CPU.ActiveCfg = Release|Any CPU
		{E6714905-466A-4CA6-9C9F-D820FF9B7213}.Release|Any CPU.Build.0 = Release|Any CPU
		{8FA4C690-2924-4617-9FFA-6FBEABA8C1FD}.Debug|Any CPU.ActiveCfg = Debug|Any CPU
		{8FA4C690-2924-4617-9FFA-6FBEABA8C1FD}.Debug|Any CPU.Build.0 = Debug|Any CPU
		{8FA4C690-2924-4617-9FFA-6FBEABA8C1FD}.Release|Any CPU.ActiveCfg = Release|Any CPU
		{8FA4C690-2924-4617-9FFA-6FBEABA8C1FD}.Release|Any CPU.Build.0 = Release|Any CPU
		{5036F204-4641-483E-8930-89DF956F60AA}.Debug|Any CPU.ActiveCfg = Debug|Any CPU
		{5036F204-4641-483E-8930-89DF956F60AA}.Debug|Any CPU.Build.0 = Debug|Any CPU
		{5036F204-4641-483E-8930-89DF956F60AA}.Release|Any CPU.ActiveCfg = Release|Any CPU
		{5036F204-4641-483E-8930-89DF956F60AA}.Release|Any CPU.Build.0 = Release|Any CPU
	EndGlobalSection
	GlobalSection(SolutionProperties) = preSolution
		HideSolutionNode = FALSE
	EndGlobalSection
	GlobalSection(ExtensibilityGlobals) = postSolution
		SolutionGuid = {9F8992C1-F348-455F-B7E0-0DFB7DE133E5}
	EndGlobalSection
EndGlobal
