
Microsoft Visual Studio Solution File, Format Version 12.00
# Visual Studio Version 16
VisualStudioVersion = 16.0.31515.178
MinimumVisualStudioVersion = 10.0.40219.1
Project("{FAE04EC0-301F-11D3-BF4B-00C04F79EFBC}") = "ShoppingSpree", "ShoppingSpree.csproj", "{506BA99C-E667-4D43-BDF0-6B9758E507D3}"
EndProject
Global
	GlobalSection(SolutionConfigurationPlatforms) = preSolution
		Debug|Any CPU = Debug|Any CPU
		Release|Any CPU = Release|Any CPU
	EndGlobalSection
	GlobalSection(ProjectConfigurationPlatforms) = postSolution
		{506BA99C-E667-4D43-BDF0-6B9758E507D3}.Debug|Any CPU.ActiveCfg = Debug|Any CPU
		{506BA99C-E667-4D43-BDF0-6B9758E507D3}.Debug|Any CPU.Build.0 = Debug|Any CPU
		{506BA99C-E667-4D43-BDF0-6B9758E507D3}.Release|Any CPU.ActiveCfg = Release|Any CPU
		{506BA99C-E667-4D43-BDF0-6B9758E507D3}.Release|Any CPU.Build.0 = Release|Any CPU
	EndGlobalSection
	GlobalSection(SolutionProperties) = preSolution
		HideSolutionNode = FALSE
	EndGlobalSection
	GlobalSection(ExtensibilityGlobals) = postSolution
		SolutionGuid = {5A284719-03F4-412F-8720-71F2959F5AB9}
	EndGlobalSection
EndGlobal
